
Microsoft Visual Studio Solution File, Format Version 12.00
Project("{FAE04EC0-301F-11D3-BF4B-00C04F79EFBC}") = "ShipFlightSimulator", "ShipFlightSimulator\ShipFlightSimulator.csproj", "{EB20974C-3793-476A-A30B-E4700817FE0C}"
EndProject
Global
	GlobalSection(SolutionConfigurationPlatforms) = preSolution
		Debug|Any CPU = Debug|Any CPU
		Release|Any CPU = Release|Any CPU
	EndGlobalSection
	GlobalSection(ProjectConfigurationPlatforms) = postSolution
		{EB20974C-3793-476A-A30B-E4700817FE0C}.Debug|Any CPU.ActiveCfg = Debug|Any CPU
		{EB20974C-3793-476A-A30B-E4700817FE0C}.Debug|Any CPU.Build.0 = Debug|Any CPU
		{EB20974C-3793-476A-A30B-E4700817FE0C}.Release|Any CPU.ActiveCfg = Release|Any CPU
		{EB20974C-3793-476A-A30B-E4700817FE0C}.Release|Any CPU.Build.0 = Release|Any CPU
	EndGlobalSection
EndGlobal
